
Microsoft Visual Studio Solution File, Format Version 12.00
# Visual Studio 15
VisualStudioVersion = 15.0.34112.143
MinimumVisualStudioVersion = 10.0.40219.1
Project("{FAE04EC0-301F-11D3-BF4B-00C04F79EFBC}") = "KidKinder", "KidKinder\KidKinder.csproj", "{B278F68E-1639-403C-8967-F2028D35631A}"
EndProject
Global
	GlobalSection(SolutionConfigurationPlatforms) = preSolution
		Debug|Any CPU = Debug|Any CPU
		Release|Any CPU = Release|Any CPU
	EndGlobalSection
	GlobalSection(ProjectConfigurationPlatforms) = postSolution
		{B278F68E-1639-403C-8967-F2028D35631A}.Debug|Any CPU.ActiveCfg = Debug|Any CPU
		{B278F68E-1639-403C-8967-F2028D35631A}.Debug|Any CPU.Build.0 = Debug|Any CPU
		{B278F68E-1639-403C-8967-F2028D35631A}.Release|Any CPU.ActiveCfg = Release|Any CPU
		{B278F68E-1639-403C-8967-F2028D35631A}.Release|Any CPU.Build.0 = Release|Any CPU
	EndGlobalSection
	GlobalSection(SolutionProperties) = preSolution
		HideSolutionNode = FALSE
	EndGlobalSection
	GlobalSection(ExtensibilityGlobals) = postSolution
		SolutionGuid = {C55AD483-4C6D-4DB3-A09D-1400C04A2A44}
	EndGlobalSection
EndGlobal
